// !$*UTF8*$!
{
	archiveVersion = 1;
	classes = {
	};
	objectVersion = 50;
	objects = {

/* Begin PBXBuildFile section */
		35646C649E1CBB1D312FCF00 /* Pods_DropDiscussTests.framework in Frameworks */ = {isa = PBXBuildFile; fileRef = A1D975AC5A95AE8E9C6B569E /* Pods_DropDiscussTests.framework */; };
		8A0F0559227FB95A00CAF04F /* Message.swift in Sources */ = {isa = PBXBuildFile; fileRef = 8A0F0558227FB95A00CAF04F /* Message.swift */; };
		8A49265F227BFA6000CD0995 /* AuthViewController.swift in Sources */ = {isa = PBXBuildFile; fileRef = 8A49265E227BFA6000CD0995 /* AuthViewController.swift */; };
		8A492661227BFAB300CD0995 /* LoginViewController.swift in Sources */ = {isa = PBXBuildFile; fileRef = 8A492660227BFAB300CD0995 /* LoginViewController.swift */; };
		8A492663227BFAF800CD0995 /* InsetTextField.swift in Sources */ = {isa = PBXBuildFile; fileRef = 8A492662227BFAF800CD0995 /* InsetTextField.swift */; };
		8A492665227C00AC00CD0995 /* ShadowView.swift in Sources */ = {isa = PBXBuildFile; fileRef = 8A492664227C00AC00CD0995 /* ShadowView.swift */; };
		8A492667227D48DD00CD0995 /* AuthService.swift in Sources */ = {isa = PBXBuildFile; fileRef = 8A492666227D48DD00CD0995 /* AuthService.swift */; };
		8A492669227E87DB00CD0995 /* ProfileViewController.swift in Sources */ = {isa = PBXBuildFile; fileRef = 8A492668227E87DB00CD0995 /* ProfileViewController.swift */; };
		8A49266B227E935E00CD0995 /* ComposeViewController.swift in Sources */ = {isa = PBXBuildFile; fileRef = 8A49266A227E935E00CD0995 /* ComposeViewController.swift */; };
		8A49266D227EB27800CD0995 /* UIView+Keyboard.swift in Sources */ = {isa = PBXBuildFile; fileRef = 8A49266C227EB27800CD0995 /* UIView+Keyboard.swift */; };
		8A49266F227EBBCE00CD0995 /* FeedTableViewCell.swift in Sources */ = {isa = PBXBuildFile; fileRef = 8A49266E227EBBCE00CD0995 /* FeedTableViewCell.swift */; };
		8AAAF850227940CE00346627 /* AppDelegate.swift in Sources */ = {isa = PBXBuildFile; fileRef = 8AAAF84F227940CE00346627 /* AppDelegate.swift */; };
		8AAAF852227940CE00346627 /* FeedViewController.swift in Sources */ = {isa = PBXBuildFile; fileRef = 8AAAF851227940CE00346627 /* FeedViewController.swift */; };
		8AAAF854227940CE00346627 /* GroupsViewController.swift in Sources */ = {isa = PBXBuildFile; fileRef = 8AAAF853227940CE00346627 /* GroupsViewController.swift */; };
		8AAAF857227940CE00346627 /* Main.storyboard in Resources */ = {isa = PBXBuildFile; fileRef = 8AAAF855227940CE00346627 /* Main.storyboard */; };
		8AAAF859227940D000346627 /* Assets.xcassets in Resources */ = {isa = PBXBuildFile; fileRef = 8AAAF858227940D000346627 /* Assets.xcassets */; };
		8AAAF85C227940D000346627 /* LaunchScreen.storyboard in Resources */ = {isa = PBXBuildFile; fileRef = 8AAAF85A227940D000346627 /* LaunchScreen.storyboard */; };
		8AAAF867227940D000346627 /* DropDiscussTests.swift in Sources */ = {isa = PBXBuildFile; fileRef = 8AAAF866227940D000346627 /* DropDiscussTests.swift */; };
		8AAAF8772279437600346627 /* GoogleService-Info.plist in Resources */ = {isa = PBXBuildFile; fileRef = 8AAAF8762279437500346627 /* GoogleService-Info.plist */; };
		8AAAF87A2279474000346627 /* DataService.swift in Sources */ = {isa = PBXBuildFile; fileRef = 8AAAF8792279474000346627 /* DataService.swift */; };
		EF33C6E473CF091F17AACE85 /* Pods_DropDiscuss.framework in Frameworks */ = {isa = PBXBuildFile; fileRef = 1AD2E0A31ACDC497F60F42DE /* Pods_DropDiscuss.framework */; };
/* End PBXBuildFile section */

/* Begin PBXContainerItemProxy section */
		8AAAF863227940D000346627 /* PBXContainerItemProxy */ = {
			isa = PBXContainerItemProxy;
			containerPortal = 8AAAF844227940CE00346627 /* Project object */;
			proxyType = 1;
			remoteGlobalIDString = 8AAAF84B227940CE00346627;
			remoteInfo = DropDiscuss;
		};
/* End PBXContainerItemProxy section */

/* Begin PBXFileReference section */
		1AD2E0A31ACDC497F60F42DE /* Pods_DropDiscuss.framework */ = {isa = PBXFileReference; explicitFileType = wrapper.framework; includeInIndex = 0; path = Pods_DropDiscuss.framework; sourceTree = BUILT_PRODUCTS_DIR; };
		8A0F0558227FB95A00CAF04F /* Message.swift */ = {isa = PBXFileReference; lastKnownFileType = sourcecode.swift; path = Message.swift; sourceTree = "<group>"; };
		8A49265E227BFA6000CD0995 /* AuthViewController.swift */ = {isa = PBXFileReference; lastKnownFileType = sourcecode.swift; path = AuthViewController.swift; sourceTree = "<group>"; };
		8A492660227BFAB300CD0995 /* LoginViewController.swift */ = {isa = PBXFileReference; lastKnownFileType = sourcecode.swift; path = LoginViewController.swift; sourceTree = "<group>"; };
		8A492662227BFAF800CD0995 /* InsetTextField.swift */ = {isa = PBXFileReference; lastKnownFileType = sourcecode.swift; path = InsetTextField.swift; sourceTree = "<group>"; };
		8A492664227C00AC00CD0995 /* ShadowView.swift */ = {isa = PBXFileReference; lastKnownFileType = sourcecode.swift; path = ShadowView.swift; sourceTree = "<group>"; };
		8A492666227D48DD00CD0995 /* AuthService.swift */ = {isa = PBXFileReference; lastKnownFileType = sourcecode.swift; path = AuthService.swift; sourceTree = "<group>"; };
		8A492668227E87DB00CD0995 /* ProfileViewController.swift */ = {isa = PBXFileReference; lastKnownFileType = sourcecode.swift; path = ProfileViewController.swift; sourceTree = "<group>"; };
		8A49266A227E935E00CD0995 /* ComposeViewController.swift */ = {isa = PBXFileReference; lastKnownFileType = sourcecode.swift; path = ComposeViewController.swift; sourceTree = "<group>"; };
		8A49266C227EB27800CD0995 /* UIView+Keyboard.swift */ = {isa = PBXFileReference; lastKnownFileType = sourcecode.swift; path = "UIView+Keyboard.swift"; sourceTree = "<group>"; };
		8A49266E227EBBCE00CD0995 /* FeedTableViewCell.swift */ = {isa = PBXFileReference; lastKnownFileType = sourcecode.swift; path = FeedTableViewCell.swift; sourceTree = "<group>"; };
		8AAAF84C227940CE00346627 /* DropDiscuss.app */ = {isa = PBXFileReference; explicitFileType = wrapper.application; includeInIndex = 0; path = DropDiscuss.app; sourceTree = BUILT_PRODUCTS_DIR; };
		8AAAF84F227940CE00346627 /* AppDelegate.swift */ = {isa = PBXFileReference; lastKnownFileType = sourcecode.swift; path = AppDelegate.swift; sourceTree = "<group>"; };
		8AAAF851227940CE00346627 /* FeedViewController.swift */ = {isa = PBXFileReference; lastKnownFileType = sourcecode.swift; path = FeedViewController.swift; sourceTree = "<group>"; };
		8AAAF853227940CE00346627 /* GroupsViewController.swift */ = {isa = PBXFileReference; lastKnownFileType = sourcecode.swift; path = GroupsViewController.swift; sourceTree = "<group>"; };
		8AAAF856227940CE00346627 /* Base */ = {isa = PBXFileReference; lastKnownFileType = file.storyboard; name = Base; path = Base.lproj/Main.storyboard; sourceTree = "<group>"; };
		8AAAF858227940D000346627 /* Assets.xcassets */ = {isa = PBXFileReference; lastKnownFileType = folder.assetcatalog; path = Assets.xcassets; sourceTree = "<group>"; };
		8AAAF85B227940D000346627 /* Base */ = {isa = PBXFileReference; lastKnownFileType = file.storyboard; name = Base; path = Base.lproj/LaunchScreen.storyboard; sourceTree = "<group>"; };
		8AAAF85D227940D000346627 /* Info.plist */ = {isa = PBXFileReference; lastKnownFileType = text.plist.xml; path = Info.plist; sourceTree = "<group>"; };
		8AAAF862227940D000346627 /* DropDiscussTests.xctest */ = {isa = PBXFileReference; explicitFileType = wrapper.cfbundle; includeInIndex = 0; path = DropDiscussTests.xctest; sourceTree = BUILT_PRODUCTS_DIR; };
		8AAAF866227940D000346627 /* DropDiscussTests.swift */ = {isa = PBXFileReference; lastKnownFileType = sourcecode.swift; path = DropDiscussTests.swift; sourceTree = "<group>"; };
		8AAAF868227940D000346627 /* Info.plist */ = {isa = PBXFileReference; lastKnownFileType = text.plist.xml; path = Info.plist; sourceTree = "<group>"; };
		8AAAF8762279437500346627 /* GoogleService-Info.plist */ = {isa = PBXFileReference; fileEncoding = 4; lastKnownFileType = text.plist.xml; path = "GoogleService-Info.plist"; sourceTree = "<group>"; };
		8AAAF8792279474000346627 /* DataService.swift */ = {isa = PBXFileReference; lastKnownFileType = sourcecode.swift; path = DataService.swift; sourceTree = "<group>"; };
		A1D975AC5A95AE8E9C6B569E /* Pods_DropDiscussTests.framework */ = {isa = PBXFileReference; explicitFileType = wrapper.framework; includeInIndex = 0; path = Pods_DropDiscussTests.framework; sourceTree = BUILT_PRODUCTS_DIR; };
		A237930160AB550084E5A3C0 /* Pods-DropDiscuss.release.xcconfig */ = {isa = PBXFileReference; includeInIndex = 1; lastKnownFileType = text.xcconfig; name = "Pods-DropDiscuss.release.xcconfig"; path = "Pods/Target Support Files/Pods-DropDiscuss/Pods-DropDiscuss.release.xcconfig"; sourceTree = "<group>"; };
		AC2EB33AF8AEFC0CFF1487F4 /* Pods-DropDiscussTests.release.xcconfig */ = {isa = PBXFileReference; includeInIndex = 1; lastKnownFileType = text.xcconfig; name = "Pods-DropDiscussTests.release.xcconfig"; path = "Pods/Target Support Files/Pods-DropDiscussTests/Pods-DropDiscussTests.release.xcconfig"; sourceTree = "<group>"; };
		D8AAB3D7B43F948CD002F1CF /* Pods-DropDiscussTests.debug.xcconfig */ = {isa = PBXFileReference; includeInIndex = 1; lastKnownFileType = text.xcconfig; name = "Pods-DropDiscussTests.debug.xcconfig"; path = "Pods/Target Support Files/Pods-DropDiscussTests/Pods-DropDiscussTests.debug.xcconfig"; sourceTree = "<group>"; };
		EB4E23B6E593F220AD80A827 /* Pods-DropDiscuss.debug.xcconfig */ = {isa = PBXFileReference; includeInIndex = 1; lastKnownFileType = text.xcconfig; name = "Pods-DropDiscuss.debug.xcconfig"; path = "Pods/Target Support Files/Pods-DropDiscuss/Pods-DropDiscuss.debug.xcconfig"; sourceTree = "<group>"; };
/* End PBXFileReference section */

/* Begin PBXFrameworksBuildPhase section */
		8AAAF849227940CE00346627 /* Frameworks */ = {
			isa = PBXFrameworksBuildPhase;
			buildActionMask = 2147483647;
			files = (
				EF33C6E473CF091F17AACE85 /* Pods_DropDiscuss.framework in Frameworks */,
			);
			runOnlyForDeploymentPostprocessing = 0;
		};
		8AAAF85F227940D000346627 /* Frameworks */ = {
			isa = PBXFrameworksBuildPhase;
			buildActionMask = 2147483647;
			files = (
				35646C649E1CBB1D312FCF00 /* Pods_DropDiscussTests.framework in Frameworks */,
			);
			runOnlyForDeploymentPostprocessing = 0;
		};
/* End PBXFrameworksBuildPhase section */

/* Begin PBXGroup section */
		62232714497DD0384AD3F354 /* Frameworks */ = {
			isa = PBXGroup;
			children = (
				1AD2E0A31ACDC497F60F42DE /* Pods_DropDiscuss.framework */,
				A1D975AC5A95AE8E9C6B569E /* Pods_DropDiscussTests.framework */,
			);
			name = Frameworks;
			sourceTree = "<group>";
		};
		8AAAF843227940CE00346627 = {
			isa = PBXGroup;
			children = (
				8AAAF84E227940CE00346627 /* DropDiscuss */,
				8AAAF865227940D000346627 /* DropDiscussTests */,
				8AAAF84D227940CE00346627 /* Products */,
				9D90CDD4D37FFB0931FDA3AE /* Pods */,
				62232714497DD0384AD3F354 /* Frameworks */,
			);
			sourceTree = "<group>";
		};
		8AAAF84D227940CE00346627 /* Products */ = {
			isa = PBXGroup;
			children = (
				8AAAF84C227940CE00346627 /* DropDiscuss.app */,
				8AAAF862227940D000346627 /* DropDiscussTests.xctest */,
			);
			name = Products;
			sourceTree = "<group>";
		};
		8AAAF84E227940CE00346627 /* DropDiscuss */ = {
			isa = PBXGroup;
			children = (
				8AAAF84F227940CE00346627 /* AppDelegate.swift */,
				8AAAF8782279469B00346627 /* Services */,
				8AAAF8752279419B00346627 /* Extensions */,
				8AAAF8742279418C00346627 /* View */,
				8AAAF8732279418700346627 /* Model */,
				8AAAF8722279416100346627 /* Controllers */,
				8AAAF855227940CE00346627 /* Main.storyboard */,
				8AAAF858227940D000346627 /* Assets.xcassets */,
				8AAAF85A227940D000346627 /* LaunchScreen.storyboard */,
				8AAAF85D227940D000346627 /* Info.plist */,
				8AAAF8762279437500346627 /* GoogleService-Info.plist */,
			);
			path = DropDiscuss;
			sourceTree = "<group>";
		};
		8AAAF865227940D000346627 /* DropDiscussTests */ = {
			isa = PBXGroup;
			children = (
				8AAAF866227940D000346627 /* DropDiscussTests.swift */,
				8AAAF868227940D000346627 /* Info.plist */,
			);
			path = DropDiscussTests;
			sourceTree = "<group>";
		};
		8AAAF8722279416100346627 /* Controllers */ = {
			isa = PBXGroup;
			children = (
				8A49265E227BFA6000CD0995 /* AuthViewController.swift */,
				8A492660227BFAB300CD0995 /* LoginViewController.swift */,
				8AAAF851227940CE00346627 /* FeedViewController.swift */,
				8AAAF853227940CE00346627 /* GroupsViewController.swift */,
				8A492668227E87DB00CD0995 /* ProfileViewController.swift */,
				8A49266A227E935E00CD0995 /* ComposeViewController.swift */,
			);
			path = Controllers;
			sourceTree = "<group>";
		};
		8AAAF8732279418700346627 /* Model */ = {
			isa = PBXGroup;
			children = (
				8A0F0558227FB95A00CAF04F /* Message.swift */,
			);
			path = Model;
			sourceTree = "<group>";
		};
		8AAAF8742279418C00346627 /* View */ = {
			isa = PBXGroup;
			children = (
				8A492662227BFAF800CD0995 /* InsetTextField.swift */,
				8A492664227C00AC00CD0995 /* ShadowView.swift */,
				8A49266E227EBBCE00CD0995 /* FeedTableViewCell.swift */,
			);
			path = View;
			sourceTree = "<group>";
		};
		8AAAF8752279419B00346627 /* Extensions */ = {
			isa = PBXGroup;
			children = (
				8A49266C227EB27800CD0995 /* UIView+Keyboard.swift */,
			);
			path = Extensions;
			sourceTree = "<group>";
		};
		8AAAF8782279469B00346627 /* Services */ = {
			isa = PBXGroup;
			children = (
				8AAAF8792279474000346627 /* DataService.swift */,
				8A492666227D48DD00CD0995 /* AuthService.swift */,
			);
			path = Services;
			sourceTree = "<group>";
		};
		9D90CDD4D37FFB0931FDA3AE /* Pods */ = {
			isa = PBXGroup;
			children = (
				EB4E23B6E593F220AD80A827 /* Pods-DropDiscuss.debug.xcconfig */,
				A237930160AB550084E5A3C0 /* Pods-DropDiscuss.release.xcconfig */,
				D8AAB3D7B43F948CD002F1CF /* Pods-DropDiscussTests.debug.xcconfig */,
				AC2EB33AF8AEFC0CFF1487F4 /* Pods-DropDiscussTests.release.xcconfig */,
			);
			name = Pods;
			sourceTree = "<group>";
		};
/* End PBXGroup section */

/* Begin PBXNativeTarget section */
		8AAAF84B227940CE00346627 /* DropDiscuss */ = {
			isa = PBXNativeTarget;
			buildConfigurationList = 8AAAF86B227940D000346627 /* Build configuration list for PBXNativeTarget "DropDiscuss" */;
			buildPhases = (
				ECC308038630DD56FA40D4FB /* [CP] Check Pods Manifest.lock */,
				8AAAF848227940CE00346627 /* Sources */,
				8AAAF849227940CE00346627 /* Frameworks */,
				8AAAF84A227940CE00346627 /* Resources */,
				29F52E442ECC5BD06520BDE1 /* [CP] Embed Pods Frameworks */,
			);
			buildRules = (
			);
			dependencies = (
			);
			name = DropDiscuss;
			productName = DropDiscuss;
			productReference = 8AAAF84C227940CE00346627 /* DropDiscuss.app */;
			productType = "com.apple.product-type.application";
		};
		8AAAF861227940D000346627 /* DropDiscussTests */ = {
			isa = PBXNativeTarget;
			buildConfigurationList = 8AAAF86E227940D000346627 /* Build configuration list for PBXNativeTarget "DropDiscussTests" */;
			buildPhases = (
				1E609F66B63798608E5BAAA3 /* [CP] Check Pods Manifest.lock */,
				8AAAF85E227940D000346627 /* Sources */,
				8AAAF85F227940D000346627 /* Frameworks */,
				8AAAF860227940D000346627 /* Resources */,
			);
			buildRules = (
			);
			dependencies = (
				8AAAF864227940D000346627 /* PBXTargetDependency */,
			);
			name = DropDiscussTests;
			productName = DropDiscussTests;
			productReference = 8AAAF862227940D000346627 /* DropDiscussTests.xctest */;
			productType = "com.apple.product-type.bundle.unit-test";
		};
/* End PBXNativeTarget section */

/* Begin PBXProject section */
		8AAAF844227940CE00346627 /* Project object */ = {
			isa = PBXProject;
			attributes = {
				LastSwiftUpdateCheck = 1010;
				LastUpgradeCheck = 1010;
				ORGANIZATIONNAME = "Avijeet Sachdev";
				TargetAttributes = {
					8AAAF84B227940CE00346627 = {
						CreatedOnToolsVersion = 10.1;
					};
					8AAAF861227940D000346627 = {
						CreatedOnToolsVersion = 10.1;
						TestTargetID = 8AAAF84B227940CE00346627;
					};
				};
			};
			buildConfigurationList = 8AAAF847227940CE00346627 /* Build configuration list for PBXProject "DropDiscuss" */;
			compatibilityVersion = "Xcode 9.3";
			developmentRegion = en;
			hasScannedForEncodings = 0;
			knownRegions = (
				en,
				Base,
			);
			mainGroup = 8AAAF843227940CE00346627;
			productRefGroup = 8AAAF84D227940CE00346627 /* Products */;
			projectDirPath = "";
			projectRoot = "";
			targets = (
				8AAAF84B227940CE00346627 /* DropDiscuss */,
				8AAAF861227940D000346627 /* DropDiscussTests */,
			);
		};
/* End PBXProject section */

/* Begin PBXResourcesBuildPhase section */
		8AAAF84A227940CE00346627 /* Resources */ = {
			isa = PBXResourcesBuildPhase;
			buildActionMask = 2147483647;
			files = (
				8AAAF85C227940D000346627 /* LaunchScreen.storyboard in Resources */,
				8AAAF859227940D000346627 /* Assets.xcassets in Resources */,
				8AAAF857227940CE00346627 /* Main.storyboard in Resources */,
				8AAAF8772279437600346627 /* GoogleService-Info.plist in Resources */,
			);
			runOnlyForDeploymentPostprocessing = 0;
		};
		8AAAF860227940D000346627 /* Resources */ = {
			isa = PBXResourcesBuildPhase;
			buildActionMask = 2147483647;
			files = (
			);
			runOnlyForDeploymentPostprocessing = 0;
		};
/* End PBXResourcesBuildPhase section */

/* Begin PBXShellScriptBuildPhase section */
		1E609F66B63798608E5BAAA3 /* [CP] Check Pods Manifest.lock */ = {
			isa = PBXShellScriptBuildPhase;
			buildActionMask = 2147483647;
			files = (
			);
			inputFileListPaths = (
			);
			inputPaths = (
				"${PODS_PODFILE_DIR_PATH}/Podfile.lock",
				"${PODS_ROOT}/Manifest.lock",
			);
			name = "[CP] Check Pods Manifest.lock";
			outputFileListPaths = (
			);
			outputPaths = (
				"$(DERIVED_FILE_DIR)/Pods-DropDiscussTests-checkManifestLockResult.txt",
			);
			runOnlyForDeploymentPostprocessing = 0;
			shellPath = /bin/sh;
			shellScript = "diff \"${PODS_PODFILE_DIR_PATH}/Podfile.lock\" \"${PODS_ROOT}/Manifest.lock\" > /dev/null\nif [ $? != 0 ] ; then\n    # print error to STDERR\n    echo \"error: The sandbox is not in sync with the Podfile.lock. Run 'pod install' or update your CocoaPods installation.\" >&2\n    exit 1\nfi\n# This output is used by Xcode 'outputs' to avoid re-running this script phase.\necho \"SUCCESS\" > \"${SCRIPT_OUTPUT_FILE_0}\"\n";
			showEnvVarsInLog = 0;
		};
		29F52E442ECC5BD06520BDE1 /* [CP] Embed Pods Frameworks */ = {
			isa = PBXShellScriptBuildPhase;
			buildActionMask = 2147483647;
			files = (
			);
			inputFileListPaths = (
			);
			inputPaths = (
				"${SRCROOT}/Pods/Target Support Files/Pods-DropDiscuss/Pods-DropDiscuss-frameworks.sh",
				"${BUILT_PRODUCTS_DIR}/GTMSessionFetcher/GTMSessionFetcher.framework",
				"${BUILT_PRODUCTS_DIR}/GoogleUtilities/GoogleUtilities.framework",
				"${BUILT_PRODUCTS_DIR}/leveldb-library/leveldb.framework",
				"${BUILT_PRODUCTS_DIR}/nanopb/nanopb.framework",
			);
			name = "[CP] Embed Pods Frameworks";
			outputFileListPaths = (
			);
			outputPaths = (
				"${TARGET_BUILD_DIR}/${FRAMEWORKS_FOLDER_PATH}/GTMSessionFetcher.framework",
				"${TARGET_BUILD_DIR}/${FRAMEWORKS_FOLDER_PATH}/GoogleUtilities.framework",
				"${TARGET_BUILD_DIR}/${FRAMEWORKS_FOLDER_PATH}/leveldb.framework",
				"${TARGET_BUILD_DIR}/${FRAMEWORKS_FOLDER_PATH}/nanopb.framework",
			);
			runOnlyForDeploymentPostprocessing = 0;
			shellPath = /bin/sh;
			shellScript = "\"${SRCROOT}/Pods/Target Support Files/Pods-DropDiscuss/Pods-DropDiscuss-frameworks.sh\"\n";
			showEnvVarsInLog = 0;
		};
		ECC308038630DD56FA40D4FB /* [CP] Check Pods Manifest.lock */ = {
			isa = PBXShellScriptBuildPhase;
			buildActionMask = 2147483647;
			files = (
			);
			inputFileListPaths = (
			);
			inputPaths = (
				"${PODS_PODFILE_DIR_PATH}/Podfile.lock",
				"${PODS_ROOT}/Manifest.lock",
			);
			name = "[CP] Check Pods Manifest.lock";
			outputFileListPaths = (
			);
			outputPaths = (
				"$(DERIVED_FILE_DIR)/Pods-DropDiscuss-checkManifestLockResult.txt",
			);
			runOnlyForDeploymentPostprocessing = 0;
			shellPath = /bin/sh;
			shellScript = "diff \"${PODS_PODFILE_DIR_PATH}/Podfile.lock\" \"${PODS_ROOT}/Manifest.lock\" > /dev/null\nif [ $? != 0 ] ; then\n    # print error to STDERR\n    echo \"error: The sandbox is not in sync with the Podfile.lock. Run 'pod install' or update your CocoaPods installation.\" >&2\n    exit 1\nfi\n# This output is used by Xcode 'outputs' to avoid re-running this script phase.\necho \"SUCCESS\" > \"${SCRIPT_OUTPUT_FILE_0}\"\n";
			showEnvVarsInLog = 0;
		};
/* End PBXShellScriptBuildPhase section */

/* Begin PBXSourcesBuildPhase section */
		8AAAF848227940CE00346627 /* Sources */ = {
			isa = PBXSourcesBuildPhase;
			buildActionMask = 2147483647;
			files = (
				8A492661227BFAB300CD0995 /* LoginViewController.swift in Sources */,
				8AAAF854227940CE00346627 /* GroupsViewController.swift in Sources */,
				8A492669227E87DB00CD0995 /* ProfileViewController.swift in Sources */,
				8AAAF850227940CE00346627 /* AppDelegate.swift in Sources */,
				8A492667227D48DD00CD0995 /* AuthService.swift in Sources */,
				8A49266F227EBBCE00CD0995 /* FeedTableViewCell.swift in Sources */,
				8A49266D227EB27800CD0995 /* UIView+Keyboard.swift in Sources */,
				8A49265F227BFA6000CD0995 /* AuthViewController.swift in Sources */,
				8A49266B227E935E00CD0995 /* ComposeViewController.swift in Sources */,
				8A492665227C00AC00CD0995 /* ShadowView.swift in Sources */,
				8AAAF852227940CE00346627 /* FeedViewController.swift in Sources */,
				8A492663227BFAF800CD0995 /* InsetTextField.swift in Sources */,
				8AAAF87A2279474000346627 /* DataService.swift in Sources */,
				8A0F0559227FB95A00CAF04F /* Message.swift in Sources */,
			);
			runOnlyForDeploymentPostprocessing = 0;
		};
		8AAAF85E227940D000346627 /* Sources */ = {
			isa = PBXSourcesBuildPhase;
			buildActionMask = 2147483647;
			files = (
				8AAAF867227940D000346627 /* DropDiscussTests.swift in Sources */,
			);
			runOnlyForDeploymentPostprocessing = 0;
		};
/* End PBXSourcesBuildPhase section */

/* Begin PBXTargetDependency section */
		8AAAF864227940D000346627 /* PBXTargetDependency */ = {
			isa = PBXTargetDependency;
			target = 8AAAF84B227940CE00346627 /* DropDiscuss */;
			targetProxy = 8AAAF863227940D000346627 /* PBXContainerItemProxy */;
		};
/* End PBXTargetDependency section */

/* Begin PBXVariantGroup section */
		8AAAF855227940CE00346627 /* Main.storyboard */ = {
			isa = PBXVariantGroup;
			children = (
				8AAAF856227940CE00346627 /* Base */,
			);
			name = Main.storyboard;
			sourceTree = "<group>";
		};
		8AAAF85A227940D000346627 /* LaunchScreen.storyboard */ = {
			isa = PBXVariantGroup;
			children = (
				8AAAF85B227940D000346627 /* Base */,
			);
			name = LaunchScreen.storyboard;
			sourceTree = "<group>";
		};
/* End PBXVariantGroup section */

/* Begin XCBuildConfiguration section */
		8AAAF869227940D000346627 /* Debug */ = {
			isa = XCBuildConfiguration;
			buildSettings = {
				ALWAYS_SEARCH_USER_PATHS = NO;
				CLANG_ANALYZER_NONNULL = YES;
				CLANG_ANALYZER_NUMBER_OBJECT_CONVERSION = YES_AGGRESSIVE;
				CLANG_CXX_LANGUAGE_STANDARD = "gnu++14";
				CLANG_CXX_LIBRARY = "libc++";
				CLANG_ENABLE_MODULES = YES;
				CLANG_ENABLE_OBJC_ARC = YES;
				CLANG_ENABLE_OBJC_WEAK = YES;
				CLANG_WARN_BLOCK_CAPTURE_AUTORELEASING = YES;
				CLANG_WARN_BOOL_CONVERSION = YES;
				CLANG_WARN_COMMA = YES;
				CLANG_WARN_CONSTANT_CONVERSION = YES;
				CLANG_WARN_DEPRECATED_OBJC_IMPLEMENTATIONS = YES;
				CLANG_WARN_DIRECT_OBJC_ISA_USAGE = YES_ERROR;
				CLANG_WARN_DOCUMENTATION_COMMENTS = YES;
				CLANG_WARN_EMPTY_BODY = YES;
				CLANG_WARN_ENUM_CONVERSION = YES;
				CLANG_WARN_INFINITE_RECURSION = YES;
				CLANG_WARN_INT_CONVERSION = YES;
				CLANG_WARN_NON_LITERAL_NULL_CONVERSION = YES;
				CLANG_WARN_OBJC_IMPLICIT_RETAIN_SELF = YES;
				CLANG_WARN_OBJC_LITERAL_CONVERSION = YES;
				CLANG_WARN_OBJC_ROOT_CLASS = YES_ERROR;
				CLANG_WARN_RANGE_LOOP_ANALYSIS = YES;
				CLANG_WARN_STRICT_PROTOTYPES = YES;
				CLANG_WARN_SUSPICIOUS_MOVE = YES;
				CLANG_WARN_UNGUARDED_AVAILABILITY = YES_AGGRESSIVE;
				CLANG_WARN_UNREACHABLE_CODE = YES;
				CLANG_WARN__DUPLICATE_METHOD_MATCH = YES;
				CODE_SIGN_IDENTITY = "iPhone Developer";
				COPY_PHASE_STRIP = NO;
				DEBUG_INFORMATION_FORMAT = dwarf;
				ENABLE_STRICT_OBJC_MSGSEND = YES;
				ENABLE_TESTABILITY = YES;
				GCC_C_LANGUAGE_STANDARD = gnu11;
				GCC_DYNAMIC_NO_PIC = NO;
				GCC_NO_COMMON_BLOCKS = YES;
				GCC_OPTIMIZATION_LEVEL = 0;
				GCC_PREPROCESSOR_DEFINITIONS = (
					"DEBUG=1",
					"$(inherited)",
				);
				GCC_WARN_64_TO_32_BIT_CONVERSION = YES;
				GCC_WARN_ABOUT_RETURN_TYPE = YES_ERROR;
				GCC_WARN_UNDECLARED_SELECTOR = YES;
				GCC_WARN_UNINITIALIZED_AUTOS = YES_AGGRESSIVE;
				GCC_WARN_UNUSED_FUNCTION = YES;
				GCC_WARN_UNUSED_VARIABLE = YES;
				IPHONEOS_DEPLOYMENT_TARGET = 12.1;
				MTL_ENABLE_DEBUG_INFO = INCLUDE_SOURCE;
				MTL_FAST_MATH = YES;
				ONLY_ACTIVE_ARCH = YES;
				SDKROOT = iphoneos;
				SWIFT_ACTIVE_COMPILATION_CONDITIONS = DEBUG;
				SWIFT_OPTIMIZATION_LEVEL = "-Onone";
			};
			name = Debug;
		};
		8AAAF86A227940D000346627 /* Release */ = {
			isa = XCBuildConfiguration;
			buildSettings = {
				ALWAYS_SEARCH_USER_PATHS = NO;
				CLANG_ANALYZER_NONNULL = YES;
				CLANG_ANALYZER_NUMBER_OBJECT_CONVERSION = YES_AGGRESSIVE;
				CLANG_CXX_LANGUAGE_STANDARD = "gnu++14";
				CLANG_CXX_LIBRARY = "libc++";
				CLANG_ENABLE_MODULES = YES;
				CLANG_ENABLE_OBJC_ARC = YES;
				CLANG_ENABLE_OBJC_WEAK = YES;
				CLANG_WARN_BLOCK_CAPTURE_AUTORELEASING = YES;
				CLANG_WARN_BOOL_CONVERSION = YES;
				CLANG_WARN_COMMA = YES;
				CLANG_WARN_CONSTANT_CONVERSION = YES;
				CLANG_WARN_DEPRECATED_OBJC_IMPLEMENTATIONS = YES;
				CLANG_WARN_DIRECT_OBJC_ISA_USAGE = YES_ERROR;
				CLANG_WARN_DOCUMENTATION_COMMENTS = YES;
				CLANG_WARN_EMPTY_BODY = YES;
				CLANG_WARN_ENUM_CONVERSION = YES;
				CLANG_WARN_INFINITE_RECURSION = YES;
				CLANG_WARN_INT_CONVERSION = YES;
				CLANG_WARN_NON_LITERAL_NULL_CONVERSION = YES;
				CLANG_WARN_OBJC_IMPLICIT_RETAIN_SELF = YES;
				CLANG_WARN_OBJC_LITERAL_CONVERSION = YES;
				CLANG_WARN_OBJC_ROOT_CLASS = YES_ERROR;
				CLANG_WARN_RANGE_LOOP_ANALYSIS = YES;
				CLANG_WARN_STRICT_PROTOTYPES = YES;
				CLANG_WARN_SUSPICIOUS_MOVE = YES;
				CLANG_WARN_UNGUARDED_AVAILABILITY = YES_AGGRESSIVE;
				CLANG_WARN_UNREACHABLE_CODE = YES;
				CLANG_WARN__DUPLICATE_METHOD_MATCH = YES;
				CODE_SIGN_IDENTITY = "iPhone Developer";
				COPY_PHASE_STRIP = NO;
				DEBUG_INFORMATION_FORMAT = "dwarf-with-dsym";
				ENABLE_NS_ASSERTIONS = NO;
				ENABLE_STRICT_OBJC_MSGSEND = YES;
				GCC_C_LANGUAGE_STANDARD = gnu11;
				GCC_NO_COMMON_BLOCKS = YES;
				GCC_WARN_64_TO_32_BIT_CONVERSION = YES;
				GCC_WARN_ABOUT_RETURN_TYPE = YES_ERROR;
				GCC_WARN_UNDECLARED_SELECTOR = YES;
				GCC_WARN_UNINITIALIZED_AUTOS = YES_AGGRESSIVE;
				GCC_WARN_UNUSED_FUNCTION = YES;
				GCC_WARN_UNUSED_VARIABLE = YES;
				IPHONEOS_DEPLOYMENT_TARGET = 12.1;
				MTL_ENABLE_DEBUG_INFO = NO;
				MTL_FAST_MATH = YES;
				SDKROOT = iphoneos;
				SWIFT_COMPILATION_MODE = wholemodule;
				SWIFT_OPTIMIZATION_LEVEL = "-O";
				VALIDATE_PRODUCT = YES;
			};
			name = Release;
		};
		8AAAF86C227940D000346627 /* Debug */ = {
			isa = XCBuildConfiguration;
			baseConfigurationReference = EB4E23B6E593F220AD80A827 /* Pods-DropDiscuss.debug.xcconfig */;
			buildSettings = {
				ASSETCATALOG_COMPILER_APPICON_NAME = AppIcon;
				CODE_SIGN_STYLE = Automatic;
				DEVELOPMENT_TEAM = PM5X37M9NZ;
				INFOPLIST_FILE = DropDiscuss/Info.plist;
				LD_RUNPATH_SEARCH_PATHS = (
					"$(inherited)",
					"@executable_path/Frameworks",
				);
				PRODUCT_BUNDLE_IDENTIFIER = com.avijeets.DropDiscuss;
				PRODUCT_NAME = "$(TARGET_NAME)";
				SWIFT_VERSION = 4.2;
				TARGETED_DEVICE_FAMILY = "1,2";
			};
			name = Debug;
		};
		8AAAF86D227940D000346627 /* Release */ = {
			isa = XCBuildConfiguration;
			baseConfigurationReference = A237930160AB550084E5A3C0 /* Pods-DropDiscuss.release.xcconfig */;
			buildSettings = {
				ASSETCATALOG_COMPILER_APPICON_NAME = AppIcon;
				CODE_SIGN_STYLE = Automatic;
				DEVELOPMENT_TEAM = PM5X37M9NZ;
				INFOPLIST_FILE = DropDiscuss/Info.plist;
				LD_RUNPATH_SEARCH_PATHS = (
					"$(inherited)",
					"@executable_path/Frameworks",
				);
				PRODUCT_BUNDLE_IDENTIFIER = com.avijeets.DropDiscuss;
				PRODUCT_NAME = "$(TARGET_NAME)";
				SWIFT_VERSION = 4.2;
				TARGETED_DEVICE_FAMILY = "1,2";
			};
			name = Release;
		};
		8AAAF86F227940D000346627 /* Debug */ = {
			isa = XCBuildConfiguration;
			baseConfigurationReference = D8AAB3D7B43F948CD002F1CF /* Pods-DropDiscussTests.debug.xcconfig */;
			buildSettings = {
				ALWAYS_EMBED_SWIFT_STANDARD_LIBRARIES = YES;
				BUNDLE_LOADER = "$(TEST_HOST)";
				CODE_SIGN_STYLE = Automatic;
				DEVELOPMENT_TEAM = PM5X37M9NZ;
				INFOPLIST_FILE = DropDiscussTests/Info.plist;
				LD_RUNPATH_SEARCH_PATHS = (
					"$(inherited)",
					"@executable_path/Frameworks",
					"@loader_path/Frameworks",
				);
				PRODUCT_BUNDLE_IDENTIFIER = com.avijeets.DropDiscussTests;
				PRODUCT_NAME = "$(TARGET_NAME)";
				SWIFT_VERSION = 4.2;
				TARGETED_DEVICE_FAMILY = "1,2";
				TEST_HOST = "$(BUILT_PRODUCTS_DIR)/DropDiscuss.app/DropDiscuss";
			};
			name = Debug;
		};
		8AAAF870227940D000346627 /* Release */ = {
			isa = XCBuildConfiguration;
			baseConfigurationReference = AC2EB33AF8AEFC0CFF1487F4 /* Pods-DropDiscussTests.release.xcconfig */;
			buildSettings = {
				ALWAYS_EMBED_SWIFT_STANDARD_LIBRARIES = YES;
				BUNDLE_LOADER = "$(TEST_HOST)";
				CODE_SIGN_STYLE = Automatic;
				DEVELOPMENT_TEAM = PM5X37M9NZ;
				INFOPLIST_FILE = DropDiscussTests/Info.plist;
				LD_RUNPATH_SEARCH_PATHS = (
					"$(inherited)",
					"@executable_path/Frameworks",
					"@loader_path/Frameworks",
				);
				PRODUCT_BUNDLE_IDENTIFIER = com.avijeets.DropDiscussTests;
				PRODUCT_NAME = "$(TARGET_NAME)";
				SWIFT_VERSION = 4.2;
				TARGETED_DEVICE_FAMILY = "1,2";
				TEST_HOST = "$(BUILT_PRODUCTS_DIR)/DropDiscuss.app/DropDiscuss";
			};
			name = Release;
		};
/* End XCBuildConfiguration section */

/* Begin XCConfigurationList section */
		8AAAF847227940CE00346627 /* Build configuration list for PBXProject "DropDiscuss" */ = {
			isa = XCConfigurationList;
			buildConfigurations = (
				8AAAF869227940D000346627 /* Debug */,
				8AAAF86A227940D000346627 /* Release */,
			);
			defaultConfigurationIsVisible = 0;
			defaultConfigurationName = Release;
		};
		8AAAF86B227940D000346627 /* Build configuration list for PBXNativeTarget "DropDiscuss" */ = {
			isa = XCConfigurationList;
			buildConfigurations = (
				8AAAF86C227940D000346627 /* Debug */,
				8AAAF86D227940D000346627 /* Release */,
			);
			defaultConfigurationIsVisible = 0;
			defaultConfigurationName = Release;
		};
		8AAAF86E227940D000346627 /* Build configuration list for PBXNativeTarget "DropDiscussTests" */ = {
			isa = XCConfigurationList;
			buildConfigurations = (
				8AAAF86F227940D000346627 /* Debug */,
				8AAAF870227940D000346627 /* Release */,
			);
			defaultConfigurationIsVisible = 0;
			defaultConfigurationName = Release;
		};
/* End XCConfigurationList section */
	};
	rootObject = 8AAAF844227940CE00346627 /* Project object */;
}
